// !$*UTF8*$!
{
	archiveVersion = 1;
	classes = {
	};
	objectVersion = 56;
	objects = {

/* Begin PBXBuildFile section */
		2A25D93C2937DEB400B3015C /* MovementSystem.cpp in Sources */ = {isa = PBXBuildFile; fileRef = 2A25D93A2937DEB400B3015C /* MovementSystem.cpp */; };
		2A25D9432938DA8400B3015C /* RenderSystem.cpp in Sources */ = {isa = PBXBuildFile; fileRef = 2A25D9412938DA8400B3015C /* RenderSystem.cpp */; };
		2AFA3A8D293245470074B1A9 /* SDL2.framework in Frameworks */ = {isa = PBXBuildFile; fileRef = 2AFA3A8C293245470074B1A9 /* SDL2.framework */; };
		2AFA3A94293247990074B1A9 /* SDL2_image.framework in Frameworks */ = {isa = PBXBuildFile; fileRef = 2AFA3A90293245480074B1A9 /* SDL2_image.framework */; };
		2AFA3A9C2932AC3B0074B1A9 /* SDL2_mixer.framework in Frameworks */ = {isa = PBXBuildFile; fileRef = 2AFA3A9B2932AC3B0074B1A9 /* SDL2_mixer.framework */; };
		2AFA3AAC293391C70074B1A9 /* SDL2_ttf.framework in Frameworks */ = {isa = PBXBuildFile; fileRef = 2AFA3AAB293391C70074B1A9 /* SDL2_ttf.framework */; };
		2AFA3AB6293438C20074B1A9 /* AssetManager.cpp in Sources */ = {isa = PBXBuildFile; fileRef = 2AFA3AB4293438C20074B1A9 /* AssetManager.cpp */; };
		2AFA3AB9293443390074B1A9 /* SDLApp.cpp in Sources */ = {isa = PBXBuildFile; fileRef = 2AFA3AB7293443390074B1A9 /* SDLApp.cpp */; };
		2AFA3ABB2934EC660074B1A9 /* entryPoint.cpp in Sources */ = {isa = PBXBuildFile; fileRef = 2AFA3ABA2934EC660074B1A9 /* entryPoint.cpp */; };
/* End PBXBuildFile section */

/* Begin PBXCopyFilesBuildPhase section */
		2AFA3A7F293245370074B1A9 /* CopyFiles */ = {
			isa = PBXCopyFilesBuildPhase;
			buildActionMask = 2147483647;
			dstPath = /usr/share/man/man1/;
			dstSubfolderSpec = 0;
			files = (
			);
			runOnlyForDeploymentPostprocessing = 1;
		};
/* End PBXCopyFilesBuildPhase section */

/* Begin PBXFileReference section */
		2A25D9312936DDF000B3015C /* Entity.h */ = {isa = PBXFileReference; lastKnownFileType = sourcecode.c.h; path = Entity.h; sourceTree = "<group>"; };
		2A25D9322936DFD000B3015C /* EntityManager.h */ = {isa = PBXFileReference; lastKnownFileType = sourcecode.c.h; path = EntityManager.h; sourceTree = "<group>"; };
		2A25D93329379AEF00B3015C /* ComponentArray.h */ = {isa = PBXFileReference; lastKnownFileType = sourcecode.c.h; path = ComponentArray.h; sourceTree = "<group>"; };
		2A25D9342937C7E400B3015C /* ComponentManager.h */ = {isa = PBXFileReference; lastKnownFileType = sourcecode.c.h; path = ComponentManager.h; sourceTree = "<group>"; };
		2A25D9352937D2C500B3015C /* System.h */ = {isa = PBXFileReference; lastKnownFileType = sourcecode.c.h; path = System.h; sourceTree = "<group>"; };
		2A25D9362937D31700B3015C /* SystemManager.h */ = {isa = PBXFileReference; lastKnownFileType = sourcecode.c.h; path = SystemManager.h; sourceTree = "<group>"; };
		2A25D9372937D82D00B3015C /* Coordinator.h */ = {isa = PBXFileReference; lastKnownFileType = sourcecode.c.h; path = Coordinator.h; sourceTree = "<group>"; };
		2A25D93A2937DEB400B3015C /* MovementSystem.cpp */ = {isa = PBXFileReference; lastKnownFileType = sourcecode.cpp.cpp; path = MovementSystem.cpp; sourceTree = "<group>"; };
		2A25D93B2937DEB400B3015C /* MovementSystem.hpp */ = {isa = PBXFileReference; lastKnownFileType = sourcecode.cpp.h; path = MovementSystem.hpp; sourceTree = "<group>"; };
		2A25D9412938DA8400B3015C /* RenderSystem.cpp */ = {isa = PBXFileReference; lastKnownFileType = sourcecode.cpp.cpp; path = RenderSystem.cpp; sourceTree = "<group>"; };
		2A25D9422938DA8400B3015C /* RenderSystem.hpp */ = {isa = PBXFileReference; lastKnownFileType = sourcecode.cpp.h; path = RenderSystem.hpp; sourceTree = "<group>"; };
		2A2DCB5F293E32EF001FFC76 /* Components.h */ = {isa = PBXFileReference; lastKnownFileType = sourcecode.c.h; path = Components.h; sourceTree = "<group>"; };
		2AFA3A81293245370074B1A9 /* SpaceShooter */ = {isa = PBXFileReference; explicitFileType = "compiled.mach-o.executable"; includeInIndex = 0; path = SpaceShooter; sourceTree = BUILT_PRODUCTS_DIR; };
		2AFA3A8C293245470074B1A9 /* SDL2.framework */ = {isa = PBXFileReference; lastKnownFileType = wrapper.framework; name = SDL2.framework; path = ../../../Library/Frameworks/SDL2.framework; sourceTree = "<group>"; };
		2AFA3A90293245480074B1A9 /* SDL2_image.framework */ = {isa = PBXFileReference; lastKnownFileType = wrapper.framework; name = SDL2_image.framework; path = ../../../Library/Frameworks/SDL2_image.framework; sourceTree = "<group>"; };
		2AFA3A9A293271FF0074B1A9 /* consts.h */ = {isa = PBXFileReference; lastKnownFileType = sourcecode.c.h; path = consts.h; sourceTree = "<group>"; };
		2AFA3A9B2932AC3B0074B1A9 /* SDL2_mixer.framework */ = {isa = PBXFileReference; lastKnownFileType = wrapper.framework; name = SDL2_mixer.framework; path = ../../../Library/Frameworks/SDL2_mixer.framework; sourceTree = "<group>"; };
		2AFA3AAB293391C70074B1A9 /* SDL2_ttf.framework */ = {isa = PBXFileReference; lastKnownFileType = wrapper.framework; name = SDL2_ttf.framework; path = ../../../Library/Frameworks/SDL2_ttf.framework; sourceTree = "<group>"; };
		2AFA3AB4293438C20074B1A9 /* AssetManager.cpp */ = {isa = PBXFileReference; lastKnownFileType = sourcecode.cpp.cpp; path = AssetManager.cpp; sourceTree = "<group>"; };
		2AFA3AB5293438C20074B1A9 /* AssetManager.hpp */ = {isa = PBXFileReference; lastKnownFileType = sourcecode.cpp.h; path = AssetManager.hpp; sourceTree = "<group>"; };
		2AFA3AB7293443390074B1A9 /* SDLApp.cpp */ = {isa = PBXFileReference; lastKnownFileType = sourcecode.cpp.cpp; path = SDLApp.cpp; sourceTree = "<group>"; };
		2AFA3AB8293443390074B1A9 /* SDLApp.hpp */ = {isa = PBXFileReference; lastKnownFileType = sourcecode.cpp.h; path = SDLApp.hpp; sourceTree = "<group>"; };
		2AFA3ABA2934EC660074B1A9 /* entryPoint.cpp */ = {isa = PBXFileReference; lastKnownFileType = sourcecode.cpp.cpp; path = entryPoint.cpp; sourceTree = "<group>"; };
/* End PBXFileReference section */

/* Begin PBXFrameworksBuildPhase section */
		2AFA3A7E293245370074B1A9 /* Frameworks */ = {
			isa = PBXFrameworksBuildPhase;
			buildActionMask = 2147483647;
			files = (
				2AFA3AAC293391C70074B1A9 /* SDL2_ttf.framework in Frameworks */,
				2AFA3A9C2932AC3B0074B1A9 /* SDL2_mixer.framework in Frameworks */,
				2AFA3A8D293245470074B1A9 /* SDL2.framework in Frameworks */,
				2AFA3A94293247990074B1A9 /* SDL2_image.framework in Frameworks */,
			);
			runOnlyForDeploymentPostprocessing = 0;
		};
/* End PBXFrameworksBuildPhase section */

/* Begin PBXGroup section */
		2A25D9392937DE8E00B3015C /* Systems */ = {
			isa = PBXGroup;
			children = (
				2AFA3AB4293438C20074B1A9 /* AssetManager.cpp */,
				2AFA3AB5293438C20074B1A9 /* AssetManager.hpp */,
				2A25D93A2937DEB400B3015C /* MovementSystem.cpp */,
				2A25D93B2937DEB400B3015C /* MovementSystem.hpp */,
				2A25D9412938DA8400B3015C /* RenderSystem.cpp */,
				2A25D9422938DA8400B3015C /* RenderSystem.hpp */,
			);
			path = Systems;
			sourceTree = "<group>";
		};
		2A25D93D2937DF1400B3015C /* Components */ = {
			isa = PBXGroup;
			children = (
				2A2DCB5F293E32EF001FFC76 /* Components.h */,
			);
			path = Components;
			sourceTree = "<group>";
		};
		2A25D93F2937E67500B3015C /* ECS */ = {
			isa = PBXGroup;
			children = (
				2A25D9312936DDF000B3015C /* Entity.h */,
				2A25D9322936DFD000B3015C /* EntityManager.h */,
				2A25D93329379AEF00B3015C /* ComponentArray.h */,
				2A25D9342937C7E400B3015C /* ComponentManager.h */,
				2A25D9352937D2C500B3015C /* System.h */,
				2A25D9362937D31700B3015C /* SystemManager.h */,
				2A25D9372937D82D00B3015C /* Coordinator.h */,
			);
			path = ECS;
			sourceTree = "<group>";
		};
		2AFA3A78293245370074B1A9 = {
			isa = PBXGroup;
			children = (
				2AFA3A83293245370074B1A9 /* SpaceShooter */,
				2AFA3A82293245370074B1A9 /* Products */,
				2AFA3A8B293245470074B1A9 /* Frameworks */,
			);
			sourceTree = "<group>";
		};
		2AFA3A82293245370074B1A9 /* Products */ = {
			isa = PBXGroup;
			children = (
				2AFA3A81293245370074B1A9 /* SpaceShooter */,
			);
			name = Products;
			sourceTree = "<group>";
		};
		2AFA3A83293245370074B1A9 /* SpaceShooter */ = {
			isa = PBXGroup;
			children = (
				2AFA3AB3293438970074B1A9 /* include */,
				2AFA3AB2293438900074B1A9 /* src */,
				2AFA3A93293247170074B1A9 /* Assets */,
			);
			path = SpaceShooter;
			sourceTree = "<group>";
		};
		2AFA3A8B293245470074B1A9 /* Frameworks */ = {
			isa = PBXGroup;
			children = (
				2AFA3AAB293391C70074B1A9 /* SDL2_ttf.framework */,
				2AFA3A9B2932AC3B0074B1A9 /* SDL2_mixer.framework */,
				2AFA3A90293245480074B1A9 /* SDL2_image.framework */,
				2AFA3A8C293245470074B1A9 /* SDL2.framework */,
			);
			name = Frameworks;
			sourceTree = "<group>";
		};
		2AFA3A93293247170074B1A9 /* Assets */ = {
			isa = PBXGroup;
			children = (
			);
			path = Assets;
			sourceTree = "<group>";
		};
		2AFA3AB2293438900074B1A9 /* src */ = {
			isa = PBXGroup;
			children = (
				2AFA3ABA2934EC660074B1A9 /* entryPoint.cpp */,
				2AFA3A9A293271FF0074B1A9 /* consts.h */,
				2AFA3AB7293443390074B1A9 /* SDLApp.cpp */,
				2AFA3AB8293443390074B1A9 /* SDLApp.hpp */,
			);
			path = src;
			sourceTree = "<group>";
		};
		2AFA3AB3293438970074B1A9 /* include */ = {
			isa = PBXGroup;
			children = (
				2A25D93F2937E67500B3015C /* ECS */,
				2A25D93D2937DF1400B3015C /* Components */,
				2A25D9392937DE8E00B3015C /* Systems */,
			);
			path = include;
			sourceTree = "<group>";
		};
/* End PBXGroup section */

/* Begin PBXNativeTarget section */
		2AFA3A80293245370074B1A9 /* SpaceShooter */ = {
			isa = PBXNativeTarget;
			buildConfigurationList = 2AFA3A88293245370074B1A9 /* Build configuration list for PBXNativeTarget "SpaceShooter" */;
			buildPhases = (
				2AFA3A7D293245370074B1A9 /* Sources */,
				2AFA3A7E293245370074B1A9 /* Frameworks */,
				2AFA3A7F293245370074B1A9 /* CopyFiles */,
			);
			buildRules = (
			);
			dependencies = (
			);
			name = SpaceShooter;
			productName = SpaceShooter;
			productReference = 2AFA3A81293245370074B1A9 /* SpaceShooter */;
			productType = "com.apple.product-type.tool";
		};
/* End PBXNativeTarget section */

/* Begin PBXProject section */
		2AFA3A79293245370074B1A9 /* Project object */ = {
			isa = PBXProject;
			attributes = {
				BuildIndependentTargetsInParallel = 1;
				LastUpgradeCheck = 1400;
				TargetAttributes = {
					2AFA3A80293245370074B1A9 = {
						CreatedOnToolsVersion = 14.0;
					};
				};
			};
			buildConfigurationList = 2AFA3A7C293245370074B1A9 /* Build configuration list for PBXProject "SpaceShooter" */;
			compatibilityVersion = "Xcode 14.0";
			developmentRegion = en;
			hasScannedForEncodings = 0;
			knownRegions = (
				en,
				Base,
			);
			mainGroup = 2AFA3A78293245370074B1A9;
			productRefGroup = 2AFA3A82293245370074B1A9 /* Products */;
			projectDirPath = "";
			projectRoot = "";
			targets = (
				2AFA3A80293245370074B1A9 /* SpaceShooter */,
			);
		};
/* End PBXProject section */

/* Begin PBXSourcesBuildPhase section */
		2AFA3A7D293245370074B1A9 /* Sources */ = {
			isa = PBXSourcesBuildPhase;
			buildActionMask = 2147483647;
			files = (
				2AFA3ABB2934EC660074B1A9 /* entryPoint.cpp in Sources */,
				2AFA3AB9293443390074B1A9 /* SDLApp.cpp in Sources */,
				2AFA3AB6293438C20074B1A9 /* AssetManager.cpp in Sources */,
				2A25D9432938DA8400B3015C /* RenderSystem.cpp in Sources */,
				2A25D93C2937DEB400B3015C /* MovementSystem.cpp in Sources */,
			);
			runOnlyForDeploymentPostprocessing = 0;
		};
/* End PBXSourcesBuildPhase section */

/* Begin XCBuildConfiguration section */
		2AFA3A86293245370074B1A9 /* Debug */ = {
			isa = XCBuildConfiguration;
			buildSettings = {
				ALWAYS_SEARCH_USER_PATHS = NO;
				CLANG_ANALYZER_NONNULL = YES;
				CLANG_ANALYZER_NUMBER_OBJECT_CONVERSION = YES_AGGRESSIVE;
				CLANG_CXX_LANGUAGE_STANDARD = "gnu++20";
				CLANG_ENABLE_MODULES = YES;
				CLANG_ENABLE_OBJC_ARC = YES;
				CLANG_ENABLE_OBJC_WEAK = YES;
				CLANG_WARN_BLOCK_CAPTURE_AUTORELEASING = YES;
				CLANG_WARN_BOOL_CONVERSION = YES;
				CLANG_WARN_COMMA = YES;
				CLANG_WARN_CONSTANT_CONVERSION = YES;
				CLANG_WARN_DEPRECATED_OBJC_IMPLEMENTATIONS = YES;
				CLANG_WARN_DIRECT_OBJC_ISA_USAGE = YES_ERROR;
				CLANG_WARN_DOCUMENTATION_COMMENTS = YES;
				CLANG_WARN_EMPTY_BODY = YES;
				CLANG_WARN_ENUM_CONVERSION = YES;
				CLANG_WARN_INFINITE_RECURSION = YES;
				CLANG_WARN_INT_CONVERSION = YES;
				CLANG_WARN_NON_LITERAL_NULL_CONVERSION = YES;
				CLANG_WARN_OBJC_IMPLICIT_RETAIN_SELF = YES;
				CLANG_WARN_OBJC_LITERAL_CONVERSION = YES;
				CLANG_WARN_OBJC_ROOT_CLASS = YES_ERROR;
				CLANG_WARN_QUOTED_INCLUDE_IN_FRAMEWORK_HEADER = YES;
				CLANG_WARN_RANGE_LOOP_ANALYSIS = YES;
				CLANG_WARN_STRICT_PROTOTYPES = YES;
				CLANG_WARN_SUSPICIOUS_MOVE = YES;
				CLANG_WARN_UNGUARDED_AVAILABILITY = YES_AGGRESSIVE;
				CLANG_WARN_UNREACHABLE_CODE = YES;
				CLANG_WARN__DUPLICATE_METHOD_MATCH = YES;
				COPY_PHASE_STRIP = NO;
				DEBUG_INFORMATION_FORMAT = dwarf;
				ENABLE_STRICT_OBJC_MSGSEND = YES;
				ENABLE_TESTABILITY = YES;
				GCC_C_LANGUAGE_STANDARD = gnu11;
				GCC_DYNAMIC_NO_PIC = NO;
				GCC_NO_COMMON_BLOCKS = YES;
				GCC_OPTIMIZATION_LEVEL = 0;
				GCC_PREPROCESSOR_DEFINITIONS = (
					"DEBUG=1",
					"$(inherited)",
				);
				GCC_WARN_64_TO_32_BIT_CONVERSION = YES;
				GCC_WARN_ABOUT_RETURN_TYPE = YES_ERROR;
				GCC_WARN_UNDECLARED_SELECTOR = YES;
				GCC_WARN_UNINITIALIZED_AUTOS = YES_AGGRESSIVE;
				GCC_WARN_UNUSED_FUNCTION = YES;
				GCC_WARN_UNUSED_VARIABLE = YES;
				MACOSX_DEPLOYMENT_TARGET = 12.3;
				MTL_ENABLE_DEBUG_INFO = INCLUDE_SOURCE;
				MTL_FAST_MATH = YES;
				ONLY_ACTIVE_ARCH = YES;
				SDKROOT = macosx;
			};
			name = Debug;
		};
		2AFA3A87293245370074B1A9 /* Release */ = {
			isa = XCBuildConfiguration;
			buildSettings = {
				ALWAYS_SEARCH_USER_PATHS = NO;
				CLANG_ANALYZER_NONNULL = YES;
				CLANG_ANALYZER_NUMBER_OBJECT_CONVERSION = YES_AGGRESSIVE;
				CLANG_CXX_LANGUAGE_STANDARD = "gnu++20";
				CLANG_ENABLE_MODULES = YES;
				CLANG_ENABLE_OBJC_ARC = YES;
				CLANG_ENABLE_OBJC_WEAK = YES;
				CLANG_WARN_BLOCK_CAPTURE_AUTORELEASING = YES;
				CLANG_WARN_BOOL_CONVERSION = YES;
				CLANG_WARN_COMMA = YES;
				CLANG_WARN_CONSTANT_CONVERSION = YES;
				CLANG_WARN_DEPRECATED_OBJC_IMPLEMENTATIONS = YES;
				CLANG_WARN_DIRECT_OBJC_ISA_USAGE = YES_ERROR;
				CLANG_WARN_DOCUMENTATION_COMMENTS = YES;
				CLANG_WARN_EMPTY_BODY = YES;
				CLANG_WARN_ENUM_CONVERSION = YES;
				CLANG_WARN_INFINITE_RECURSION = YES;
				CLANG_WARN_INT_CONVERSION = YES;
				CLANG_WARN_NON_LITERAL_NULL_CONVERSION = YES;
				CLANG_WARN_OBJC_IMPLICIT_RETAIN_SELF = YES;
				CLANG_WARN_OBJC_LITERAL_CONVERSION = YES;
				CLANG_WARN_OBJC_ROOT_CLASS = YES_ERROR;
				CLANG_WARN_QUOTED_INCLUDE_IN_FRAMEWORK_HEADER = YES;
				CLANG_WARN_RANGE_LOOP_ANALYSIS = YES;
				CLANG_WARN_STRICT_PROTOTYPES = YES;
				CLANG_WARN_SUSPICIOUS_MOVE = YES;
				CLANG_WARN_UNGUARDED_AVAILABILITY = YES_AGGRESSIVE;
				CLANG_WARN_UNREACHABLE_CODE = YES;
				CLANG_WARN__DUPLICATE_METHOD_MATCH = YES;
				COPY_PHASE_STRIP = NO;
				DEBUG_INFORMATION_FORMAT = "dwarf-with-dsym";
				ENABLE_NS_ASSERTIONS = NO;
				ENABLE_STRICT_OBJC_MSGSEND = YES;
				GCC_C_LANGUAGE_STANDARD = gnu11;
				GCC_NO_COMMON_BLOCKS = YES;
				GCC_WARN_64_TO_32_BIT_CONVERSION = YES;
				GCC_WARN_ABOUT_RETURN_TYPE = YES_ERROR;
				GCC_WARN_UNDECLARED_SELECTOR = YES;
				GCC_WARN_UNINITIALIZED_AUTOS = YES_AGGRESSIVE;
				GCC_WARN_UNUSED_FUNCTION = YES;
				GCC_WARN_UNUSED_VARIABLE = YES;
				MACOSX_DEPLOYMENT_TARGET = 12.3;
				MTL_ENABLE_DEBUG_INFO = NO;
				MTL_FAST_MATH = YES;
				SDKROOT = macosx;
			};
			name = Release;
		};
		2AFA3A89293245370074B1A9 /* Debug */ = {
			isa = XCBuildConfiguration;
			buildSettings = {
				CODE_SIGN_STYLE = Automatic;
				FRAMEWORK_SEARCH_PATHS = (
					"$(inherited)",
					"$(LOCAL_LIBRARY_DIR)/Frameworks",
				);
				PRODUCT_NAME = "$(TARGET_NAME)";
			};
			name = Debug;
		};
		2AFA3A8A293245370074B1A9 /* Release */ = {
			isa = XCBuildConfiguration;
			buildSettings = {
				CODE_SIGN_STYLE = Automatic;
				FRAMEWORK_SEARCH_PATHS = (
					"$(inherited)",
					"$(LOCAL_LIBRARY_DIR)/Frameworks",
				);
				PRODUCT_NAME = "$(TARGET_NAME)";
			};
			name = Release;
		};
/* End XCBuildConfiguration section */

/* Begin XCConfigurationList section */
		2AFA3A7C293245370074B1A9 /* Build configuration list for PBXProject "SpaceShooter" */ = {
			isa = XCConfigurationList;
			buildConfigurations = (
				2AFA3A86293245370074B1A9 /* Debug */,
				2AFA3A87293245370074B1A9 /* Release */,
			);
			defaultConfigurationIsVisible = 0;
			defaultConfigurationName = Release;
		};
		2AFA3A88293245370074B1A9 /* Build configuration list for PBXNativeTarget "SpaceShooter" */ = {
			isa = XCConfigurationList;
			buildConfigurations = (
				2AFA3A89293245370074B1A9 /* Debug */,
				2AFA3A8A293245370074B1A9 /* Release */,
			);
			defaultConfigurationIsVisible = 0;
			defaultConfigurationName = Release;
		};
/* End XCConfigurationList section */
	};
	rootObject = 2AFA3A79293245370074B1A9 /* Project object */;
}
